
Microsoft Visual Studio Solution File, Format Version 12.00
# Visual Studio Version 16
VisualStudioVersion = 16.0.29009.5
MinimumVisualStudioVersion = 10.0.40219.1
Project("{FAE04EC0-301F-11D3-BF4B-00C04F79EFBC}") = "Optovik", "Optovik.csproj", "{D74D6179-21AE-47B0-A48A-1BCCD0A323E6}"
EndProject
Global
	GlobalSection(SolutionConfigurationPlatforms) = preSolution
		Debug|Any CPU = Debug|Any CPU
		Release|Any CPU = Release|Any CPU
	EndGlobalSection
	GlobalSection(ProjectConfigurationPlatforms) = postSolution
		{D74D6179-21AE-47B0-A48A-1BCCD0A323E6}.Debug|Any CPU.ActiveCfg = Debug|Any CPU
		{D74D6179-21AE-47B0-A48A-1BCCD0A323E6}.Debug|Any CPU.Build.0 = Debug|Any CPU
		{D74D6179-21AE-47B0-A48A-1BCCD0A323E6}.Release|Any CPU.ActiveCfg = Release|Any CPU
		{D74D6179-21AE-47B0-A48A-1BCCD0A323E6}.Release|Any CPU.Build.0 = Release|Any CPU
	EndGlobalSection
	GlobalSection(SolutionProperties) = preSolution
		HideSolutionNode = FALSE
	EndGlobalSection
	GlobalSection(ExtensibilityGlobals) = postSolution
		SolutionGuid = {C4D6C597-5E6A-4BEC-85BA-CEAD80E3B7BB}
	EndGlobalSection
EndGlobal
